
Microsoft Visual Studio Solution File, Format Version 12.00
# Visual Studio 15
VisualStudioVersion = 15.0.28010.2046
MinimumVisualStudioVersion = 10.0.40219.1
Project("{FAE04EC0-301F-11D3-BF4B-00C04F79EFBC}") = "WPF", "Okienko\WPF.csproj", "{E40C02B9-9E67-4870-9F44-B250141E8B3D}"
EndProject
Project("{FAE04EC0-301F-11D3-BF4B-00C04F79EFBC}") = "CommandLine", "CommandLine\CommandLine.csproj", "{2253B279-BA6B-446F-BA00-D0892DE746B1}"
EndProject
Project("{FAE04EC0-301F-11D3-BF4B-00C04F79EFBC}") = "Model", "Model\Model.csproj", "{3A717D5D-00F3-4F56-A6F3-8A58CC782E61}"
EndProject
Project("{FAE04EC0-301F-11D3-BF4B-00C04F79EFBC}") = "DataToTest", "DataToTest\DataToTest.csproj", "{0FAD0681-E14F-4C73-8024-2E813C3ABAFA}"
EndProject
Project("{FAE04EC0-301F-11D3-BF4B-00C04F79EFBC}") = "Serialization", "Serialization\Serialization.csproj", "{8B8E9F03-EEB2-4430-8F23-9760FBB4A8B1}"
EndProject
Project("{FAE04EC0-301F-11D3-BF4B-00C04F79EFBC}") = "CommandLineUnitTest", "CommandLineUnitTest\CommandLineUnitTest.csproj", "{3A847EA5-D1E3-44AE-92F3-64A300EBF1DF}"
EndProject
Project("{FAE04EC0-301F-11D3-BF4B-00C04F79EFBC}") = "ModelUnitTest", "ModelUnitTest\ModelUnitTest.csproj", "{0C9E84E9-E5C1-4207-831D-ACA059F10382}"
EndProject
Project("{FAE04EC0-301F-11D3-BF4B-00C04F79EFBC}") = "SerializationUnitTest", "SerializationUnitTest\SerializationUnitTest.csproj", "{51216869-EAB7-4D6F-8BEA-A349C42CCCEF}"
EndProject
Global
	GlobalSection(SolutionConfigurationPlatforms) = preSolution
		Debug|Any CPU = Debug|Any CPU
		Release|Any CPU = Release|Any CPU
	EndGlobalSection
	GlobalSection(ProjectConfigurationPlatforms) = postSolution
		{E40C02B9-9E67-4870-9F44-B250141E8B3D}.Debug|Any CPU.ActiveCfg = Debug|Any CPU
		{E40C02B9-9E67-4870-9F44-B250141E8B3D}.Debug|Any CPU.Build.0 = Debug|Any CPU
		{E40C02B9-9E67-4870-9F44-B250141E8B3D}.Release|Any CPU.ActiveCfg = Release|Any CPU
		{E40C02B9-9E67-4870-9F44-B250141E8B3D}.Release|Any CPU.Build.0 = Release|Any CPU
		{2253B279-BA6B-446F-BA00-D0892DE746B1}.Debug|Any CPU.ActiveCfg = Debug|Any CPU
		{2253B279-BA6B-446F-BA00-D0892DE746B1}.Debug|Any CPU.Build.0 = Debug|Any CPU
		{2253B279-BA6B-446F-BA00-D0892DE746B1}.Release|Any CPU.ActiveCfg = Release|Any CPU
		{2253B279-BA6B-446F-BA00-D0892DE746B1}.Release|Any CPU.Build.0 = Release|Any CPU
		{3A717D5D-00F3-4F56-A6F3-8A58CC782E61}.Debug|Any CPU.ActiveCfg = Debug|Any CPU
		{3A717D5D-00F3-4F56-A6F3-8A58CC782E61}.Debug|Any CPU.Build.0 = Debug|Any CPU
		{3A717D5D-00F3-4F56-A6F3-8A58CC782E61}.Release|Any CPU.ActiveCfg = Release|Any CPU
		{3A717D5D-00F3-4F56-A6F3-8A58CC782E61}.Release|Any CPU.Build.0 = Release|Any CPU
		{0FAD0681-E14F-4C73-8024-2E813C3ABAFA}.Debug|Any CPU.ActiveCfg = Debug|Any CPU
		{0FAD0681-E14F-4C73-8024-2E813C3ABAFA}.Debug|Any CPU.Build.0 = Debug|Any CPU
		{0FAD0681-E14F-4C73-8024-2E813C3ABAFA}.Release|Any CPU.ActiveCfg = Release|Any CPU
		{0FAD0681-E14F-4C73-8024-2E813C3ABAFA}.Release|Any CPU.Build.0 = Release|Any CPU
		{8B8E9F03-EEB2-4430-8F23-9760FBB4A8B1}.Debug|Any CPU.ActiveCfg = Debug|Any CPU
		{8B8E9F03-EEB2-4430-8F23-9760FBB4A8B1}.Debug|Any CPU.Build.0 = Debug|Any CPU
		{8B8E9F03-EEB2-4430-8F23-9760FBB4A8B1}.Release|Any CPU.ActiveCfg = Release|Any CPU
		{8B8E9F03-EEB2-4430-8F23-9760FBB4A8B1}.Release|Any CPU.Build.0 = Release|Any CPU
		{3A847EA5-D1E3-44AE-92F3-64A300EBF1DF}.Debug|Any CPU.ActiveCfg = Debug|Any CPU
		{3A847EA5-D1E3-44AE-92F3-64A300EBF1DF}.Debug|Any CPU.Build.0 = Debug|Any CPU
		{3A847EA5-D1E3-44AE-92F3-64A300EBF1DF}.Release|Any CPU.ActiveCfg = Release|Any CPU
		{3A847EA5-D1E3-44AE-92F3-64A300EBF1DF}.Release|Any CPU.Build.0 = Release|Any CPU
		{0C9E84E9-E5C1-4207-831D-ACA059F10382}.Debug|Any CPU.ActiveCfg = Debug|Any CPU
		{0C9E84E9-E5C1-4207-831D-ACA059F10382}.Debug|Any CPU.Build.0 = Debug|Any CPU
		{0C9E84E9-E5C1-4207-831D-ACA059F10382}.Release|Any CPU.ActiveCfg = Release|Any CPU
		{0C9E84E9-E5C1-4207-831D-ACA059F10382}.Release|Any CPU.Build.0 = Release|Any CPU
		{51216869-EAB7-4D6F-8BEA-A349C42CCCEF}.Debug|Any CPU.ActiveCfg = Debug|Any CPU
		{51216869-EAB7-4D6F-8BEA-A349C42CCCEF}.Debug|Any CPU.Build.0 = Debug|Any CPU
		{51216869-EAB7-4D6F-8BEA-A349C42CCCEF}.Release|Any CPU.ActiveCfg = Release|Any CPU
		{51216869-EAB7-4D6F-8BEA-A349C42CCCEF}.Release|Any CPU.Build.0 = Release|Any CPU
	EndGlobalSection
	GlobalSection(SolutionProperties) = preSolution
		HideSolutionNode = FALSE
	EndGlobalSection
	GlobalSection(ExtensibilityGlobals) = postSolution
		SolutionGuid = {687E24E1-2BA8-4F85-935C-7D904DAE3ACC}
	EndGlobalSection
EndGlobal
