
Microsoft Visual Studio Solution File, Format Version 12.00
# Visual Studio 15
VisualStudioVersion = 15.0.28010.2046
MinimumVisualStudioVersion = 10.0.40219.1
Project("{FAE04EC0-301F-11D3-BF4B-00C04F79EFBC}") = "WPF", "Okienko\WPF.csproj", "{E40C02B9-9E67-4870-9F44-B250141E8B3D}"
EndProject
Project("{FAE04EC0-301F-11D3-BF4B-00C04F79EFBC}") = "CommandLine", "CommandLine\CommandLine.csproj", "{2253B279-BA6B-446F-BA00-D0892DE746B1}"
EndProject
Project("{FAE04EC0-301F-11D3-BF4B-00C04F79EFBC}") = "Model", "Model\Model.csproj", "{3A717D5D-00F3-4F56-A6F3-8A58CC782E61}"
EndProject
Project("{FAE04EC0-301F-11D3-BF4B-00C04F79EFBC}") = "UnitTest", "UnitTest\UnitTest.csproj", "{A364D486-1F23-4373-828A-54C980F9C6EB}"
EndProject
Project("{FAE04EC0-301F-11D3-BF4B-00C04F79EFBC}") = "DataToTest", "DataToTest\DataToTest.csproj", "{0FAD0681-E14F-4C73-8024-2E813C3ABAFA}"
EndProject
Global
	GlobalSection(SolutionConfigurationPlatforms) = preSolution
		Debug|Any CPU = Debug|Any CPU
		Release|Any CPU = Release|Any CPU
	EndGlobalSection
	GlobalSection(ProjectConfigurationPlatforms) = postSolution
		{E40C02B9-9E67-4870-9F44-B250141E8B3D}.Debug|Any CPU.ActiveCfg = Debug|Any CPU
		{E40C02B9-9E67-4870-9F44-B250141E8B3D}.Debug|Any CPU.Build.0 = Debug|Any CPU
		{E40C02B9-9E67-4870-9F44-B250141E8B3D}.Release|Any CPU.ActiveCfg = Release|Any CPU
		{E40C02B9-9E67-4870-9F44-B250141E8B3D}.Release|Any CPU.Build.0 = Release|Any CPU
		{2253B279-BA6B-446F-BA00-D0892DE746B1}.Debug|Any CPU.ActiveCfg = Debug|Any CPU
		{2253B279-BA6B-446F-BA00-D0892DE746B1}.Debug|Any CPU.Build.0 = Debug|Any CPU
		{2253B279-BA6B-446F-BA00-D0892DE746B1}.Release|Any CPU.ActiveCfg = Release|Any CPU
		{2253B279-BA6B-446F-BA00-D0892DE746B1}.Release|Any CPU.Build.0 = Release|Any CPU
		{3A717D5D-00F3-4F56-A6F3-8A58CC782E61}.Debug|Any CPU.ActiveCfg = Debug|Any CPU
		{3A717D5D-00F3-4F56-A6F3-8A58CC782E61}.Debug|Any CPU.Build.0 = Debug|Any CPU
		{3A717D5D-00F3-4F56-A6F3-8A58CC782E61}.Release|Any CPU.ActiveCfg = Release|Any CPU
		{3A717D5D-00F3-4F56-A6F3-8A58CC782E61}.Release|Any CPU.Build.0 = Release|Any CPU
		{A364D486-1F23-4373-828A-54C980F9C6EB}.Debug|Any CPU.ActiveCfg = Debug|Any CPU
		{A364D486-1F23-4373-828A-54C980F9C6EB}.Debug|Any CPU.Build.0 = Debug|Any CPU
		{A364D486-1F23-4373-828A-54C980F9C6EB}.Release|Any CPU.ActiveCfg = Release|Any CPU
		{A364D486-1F23-4373-828A-54C980F9C6EB}.Release|Any CPU.Build.0 = Release|Any CPU
		{0FAD0681-E14F-4C73-8024-2E813C3ABAFA}.Debug|Any CPU.ActiveCfg = Debug|Any CPU
		{0FAD0681-E14F-4C73-8024-2E813C3ABAFA}.Debug|Any CPU.Build.0 = Debug|Any CPU
		{0FAD0681-E14F-4C73-8024-2E813C3ABAFA}.Release|Any CPU.ActiveCfg = Release|Any CPU
		{0FAD0681-E14F-4C73-8024-2E813C3ABAFA}.Release|Any CPU.Build.0 = Release|Any CPU
	EndGlobalSection
	GlobalSection(SolutionProperties) = preSolution
		HideSolutionNode = FALSE
	EndGlobalSection
	GlobalSection(ExtensibilityGlobals) = postSolution
		SolutionGuid = {687E24E1-2BA8-4F85-935C-7D904DAE3ACC}
	EndGlobalSection
EndGlobal
